
Microsoft Visual Studio Solution File, Format Version 12.00
# Visual Studio Version 16
VisualStudioVersion = 16.0.30804.86
MinimumVisualStudioVersion = 10.0.40219.1
Project("{9A19103F-16F7-4668-BE54-9A1E7A4F7556}") = "NOAA.GHCND", "NOAA.GHCND\NOAA.GHCND.csproj", "{286E18E4-6021-46AD-A069-ECA52CD1A3A4}"
EndProject
Project("{9A19103F-16F7-4668-BE54-9A1E7A4F7556}") = "NOAA.GHCND.Tests", "NOAA.GHCND.Tests\NOAA.GHCND.Tests.csproj", "{8A8E1949-9692-428B-9F73-0086564B77CC}"
EndProject
Project("{FAE04EC0-301F-11D3-BF4B-00C04F79EFBC}") = "NOAA.GHCND.Web", "NOAA.GHCND.Web\NOAA.GHCND.Web.csproj", "{D2CE4076-D902-44B3-ADA6-BB1B49A4F3A5}"
EndProject
Global
	GlobalSection(SolutionConfigurationPlatforms) = preSolution
		Debug|Any CPU = Debug|Any CPU
		Release|Any CPU = Release|Any CPU
	EndGlobalSection
	GlobalSection(ProjectConfigurationPlatforms) = postSolution
		{286E18E4-6021-46AD-A069-ECA52CD1A3A4}.Debug|Any CPU.ActiveCfg = Debug|Any CPU
		{286E18E4-6021-46AD-A069-ECA52CD1A3A4}.Debug|Any CPU.Build.0 = Debug|Any CPU
		{286E18E4-6021-46AD-A069-ECA52CD1A3A4}.Release|Any CPU.ActiveCfg = Release|Any CPU
		{286E18E4-6021-46AD-A069-ECA52CD1A3A4}.Release|Any CPU.Build.0 = Release|Any CPU
		{8A8E1949-9692-428B-9F73-0086564B77CC}.Debug|Any CPU.ActiveCfg = Debug|Any CPU
		{8A8E1949-9692-428B-9F73-0086564B77CC}.Debug|Any CPU.Build.0 = Debug|Any CPU
		{8A8E1949-9692-428B-9F73-0086564B77CC}.Release|Any CPU.ActiveCfg = Release|Any CPU
		{8A8E1949-9692-428B-9F73-0086564B77CC}.Release|Any CPU.Build.0 = Release|Any CPU
		{D2CE4076-D902-44B3-ADA6-BB1B49A4F3A5}.Debug|Any CPU.ActiveCfg = Debug|Any CPU
		{D2CE4076-D902-44B3-ADA6-BB1B49A4F3A5}.Debug|Any CPU.Build.0 = Debug|Any CPU
		{D2CE4076-D902-44B3-ADA6-BB1B49A4F3A5}.Release|Any CPU.ActiveCfg = Release|Any CPU
		{D2CE4076-D902-44B3-ADA6-BB1B49A4F3A5}.Release|Any CPU.Build.0 = Release|Any CPU
	EndGlobalSection
	GlobalSection(SolutionProperties) = preSolution
		HideSolutionNode = FALSE
	EndGlobalSection
	GlobalSection(ExtensibilityGlobals) = postSolution
		SolutionGuid = {CC254BB4-C03D-4CDF-A14A-0DEDF527ED1D}
	EndGlobalSection
EndGlobal
