
Microsoft Visual Studio Solution File, Format Version 12.00
# Visual Studio Version 16
VisualStudioVersion = 16.0.30804.86
MinimumVisualStudioVersion = 10.0.40219.1
Project("{FAE04EC0-301F-11D3-BF4B-00C04F79EFBC}") = "NOAA.GHCND", "NOAA.GHCND\NOAA.GHCND.csproj", "{286E18E4-6021-46AD-A069-ECA52CD1A3A4}"
EndProject
Global
	GlobalSection(SolutionConfigurationPlatforms) = preSolution
		Debug|Any CPU = Debug|Any CPU
		Release|Any CPU = Release|Any CPU
	EndGlobalSection
	GlobalSection(ProjectConfigurationPlatforms) = postSolution
		{286E18E4-6021-46AD-A069-ECA52CD1A3A4}.Debug|Any CPU.ActiveCfg = Debug|Any CPU
		{286E18E4-6021-46AD-A069-ECA52CD1A3A4}.Debug|Any CPU.Build.0 = Debug|Any CPU
		{286E18E4-6021-46AD-A069-ECA52CD1A3A4}.Release|Any CPU.ActiveCfg = Release|Any CPU
		{286E18E4-6021-46AD-A069-ECA52CD1A3A4}.Release|Any CPU.Build.0 = Release|Any CPU
	EndGlobalSection
	GlobalSection(SolutionProperties) = preSolution
		HideSolutionNode = FALSE
	EndGlobalSection
	GlobalSection(ExtensibilityGlobals) = postSolution
		SolutionGuid = {CC254BB4-C03D-4CDF-A14A-0DEDF527ED1D}
	EndGlobalSection
EndGlobal
